// !$*UTF8*$!
{
	archiveVersion = 1;
	classes = {
	};
	objectVersion = 48;
	objects = {

/* Begin PBXBuildFile section */
		587A9BB42084FCFC006C9281 /* Steve-Hawking_01.png in Resources */ = {isa = PBXBuildFile; fileRef = 587A9BB32084FCFC006C9281 /* Steve-Hawking_01.png */; };
		5890D4942084D5EE003FC40D /* Blue_Planet.JPG in Resources */ = {isa = PBXBuildFile; fileRef = 5890D48B2084D5EE003FC40D /* Blue_Planet.JPG */; };
		5890D4952084D5EE003FC40D /* icon58x58.png in Resources */ = {isa = PBXBuildFile; fileRef = 5890D48C2084D5EE003FC40D /* icon58x58.png */; };
		5890D4962084D5EE003FC40D /* icon40x40.png in Resources */ = {isa = PBXBuildFile; fileRef = 5890D48D2084D5EE003FC40D /* icon40x40.png */; };
		5890D4972084D5EE003FC40D /* icon120x120.png in Resources */ = {isa = PBXBuildFile; fileRef = 5890D48E2084D5EE003FC40D /* icon120x120.png */; };
		5890D4982084D5EE003FC40D /* icon80x80.png in Resources */ = {isa = PBXBuildFile; fileRef = 5890D48F2084D5EE003FC40D /* icon80x80.png */; };
		5890D4992084D5EE003FC40D /* icon60x60.png in Resources */ = {isa = PBXBuildFile; fileRef = 5890D4902084D5EE003FC40D /* icon60x60.png */; };
		5890D49A2084D5EE003FC40D /* icon140x140.png in Resources */ = {isa = PBXBuildFile; fileRef = 5890D4912084D5EE003FC40D /* icon140x140.png */; };
		5890D49B2084D5EE003FC40D /* icon180x180.png in Resources */ = {isa = PBXBuildFile; fileRef = 5890D4922084D5EE003FC40D /* icon180x180.png */; };
		5890D49C2084D5EE003FC40D /* Steve Hawking.JPG in Resources */ = {isa = PBXBuildFile; fileRef = 5890D4932084D5EE003FC40D /* Steve Hawking.JPG */; };
		5890D4AA2084E6DC003FC40D /* Steve-Hawking_11.png in Resources */ = {isa = PBXBuildFile; fileRef = 5890D49E2084E6DC003FC40D /* Steve-Hawking_11.png */; };
		5890D4AB2084E6DC003FC40D /* Steve-Hawking_04.png in Resources */ = {isa = PBXBuildFile; fileRef = 5890D49F2084E6DC003FC40D /* Steve-Hawking_04.png */; };
		5890D4AC2084E6DC003FC40D /* Steve-Hawking_12.png in Resources */ = {isa = PBXBuildFile; fileRef = 5890D4A02084E6DC003FC40D /* Steve-Hawking_12.png */; };
		5890D4AD2084E6DC003FC40D /* Steve-Hawking_02.png in Resources */ = {isa = PBXBuildFile; fileRef = 5890D4A12084E6DC003FC40D /* Steve-Hawking_02.png */; };
		5890D4AE2084E6DC003FC40D /* Steve-Hawking_09.png in Resources */ = {isa = PBXBuildFile; fileRef = 5890D4A22084E6DC003FC40D /* Steve-Hawking_09.png */; };
		5890D4AF2084E6DC003FC40D /* Steve-Hawking_05.png in Resources */ = {isa = PBXBuildFile; fileRef = 5890D4A32084E6DC003FC40D /* Steve-Hawking_05.png */; };
		5890D4B02084E6DC003FC40D /* Steve-Hawking_03.png in Resources */ = {isa = PBXBuildFile; fileRef = 5890D4A42084E6DC003FC40D /* Steve-Hawking_03.png */; };
		5890D4B22084E6DC003FC40D /* Steve-Hawking_07.png in Resources */ = {isa = PBXBuildFile; fileRef = 5890D4A62084E6DC003FC40D /* Steve-Hawking_07.png */; };
		5890D4B32084E6DC003FC40D /* Steve-Hawking_08.png in Resources */ = {isa = PBXBuildFile; fileRef = 5890D4A72084E6DC003FC40D /* Steve-Hawking_08.png */; };
		5890D4B42084E6DC003FC40D /* Steve-Hawking_10.png in Resources */ = {isa = PBXBuildFile; fileRef = 5890D4A82084E6DC003FC40D /* Steve-Hawking_10.png */; };
		5890D4B52084E6DC003FC40D /* Steve-Hawking_06.png in Resources */ = {isa = PBXBuildFile; fileRef = 5890D4A92084E6DC003FC40D /* Steve-Hawking_06.png */; };
		C6C0E69220546A88007F2B73 /* AppDelegate.swift in Sources */ = {isa = PBXBuildFile; fileRef = C6C0E69120546A88007F2B73 /* AppDelegate.swift */; };
		C6C0E69420546A88007F2B73 /* ViewController.swift in Sources */ = {isa = PBXBuildFile; fileRef = C6C0E69320546A88007F2B73 /* ViewController.swift */; };
		C6C0E69720546A88007F2B73 /* Main.storyboard in Resources */ = {isa = PBXBuildFile; fileRef = C6C0E69520546A88007F2B73 /* Main.storyboard */; };
		C6C0E69920546A88007F2B73 /* Assets.xcassets in Resources */ = {isa = PBXBuildFile; fileRef = C6C0E69820546A88007F2B73 /* Assets.xcassets */; };
		C6C0E69C20546A88007F2B73 /* LaunchScreen.storyboard in Resources */ = {isa = PBXBuildFile; fileRef = C6C0E69A20546A88007F2B73 /* LaunchScreen.storyboard */; };
/* End PBXBuildFile section */

/* Begin PBXFileReference section */
		587A9BB32084FCFC006C9281 /* Steve-Hawking_01.png */ = {isa = PBXFileReference; lastKnownFileType = image.png; path = "Steve-Hawking_01.png"; sourceTree = "<group>"; };
		5890D48B2084D5EE003FC40D /* Blue_Planet.JPG */ = {isa = PBXFileReference; lastKnownFileType = image.jpeg; path = Blue_Planet.JPG; sourceTree = "<group>"; };
		5890D48C2084D5EE003FC40D /* icon58x58.png */ = {isa = PBXFileReference; lastKnownFileType = image.png; path = icon58x58.png; sourceTree = "<group>"; };
		5890D48D2084D5EE003FC40D /* icon40x40.png */ = {isa = PBXFileReference; lastKnownFileType = image.png; path = icon40x40.png; sourceTree = "<group>"; };
		5890D48E2084D5EE003FC40D /* icon120x120.png */ = {isa = PBXFileReference; lastKnownFileType = image.png; path = icon120x120.png; sourceTree = "<group>"; };
		5890D48F2084D5EE003FC40D /* icon80x80.png */ = {isa = PBXFileReference; lastKnownFileType = image.png; path = icon80x80.png; sourceTree = "<group>"; };
		5890D4902084D5EE003FC40D /* icon60x60.png */ = {isa = PBXFileReference; lastKnownFileType = image.png; path = icon60x60.png; sourceTree = "<group>"; };
		5890D4912084D5EE003FC40D /* icon140x140.png */ = {isa = PBXFileReference; lastKnownFileType = image.png; path = icon140x140.png; sourceTree = "<group>"; };
		5890D4922084D5EE003FC40D /* icon180x180.png */ = {isa = PBXFileReference; lastKnownFileType = image.png; path = icon180x180.png; sourceTree = "<group>"; };
		5890D4932084D5EE003FC40D /* Steve Hawking.JPG */ = {isa = PBXFileReference; lastKnownFileType = image.jpeg; path = "Steve Hawking.JPG"; sourceTree = "<group>"; };
		5890D49E2084E6DC003FC40D /* Steve-Hawking_11.png */ = {isa = PBXFileReference; lastKnownFileType = image.png; name = "Steve-Hawking_11.png"; path = "Stephen image pieces/Steve-Hawking_11.png"; sourceTree = "<group>"; };
		5890D49F2084E6DC003FC40D /* Steve-Hawking_04.png */ = {isa = PBXFileReference; lastKnownFileType = image.png; name = "Steve-Hawking_04.png"; path = "Stephen image pieces/Steve-Hawking_04.png"; sourceTree = "<group>"; };
		5890D4A02084E6DC003FC40D /* Steve-Hawking_12.png */ = {isa = PBXFileReference; lastKnownFileType = image.png; name = "Steve-Hawking_12.png"; path = "Stephen image pieces/Steve-Hawking_12.png"; sourceTree = "<group>"; };
		5890D4A12084E6DC003FC40D /* Steve-Hawking_02.png */ = {isa = PBXFileReference; lastKnownFileType = image.png; name = "Steve-Hawking_02.png"; path = "Stephen image pieces/Steve-Hawking_02.png"; sourceTree = "<group>"; };
		5890D4A22084E6DC003FC40D /* Steve-Hawking_09.png */ = {isa = PBXFileReference; lastKnownFileType = image.png; name = "Steve-Hawking_09.png"; path = "Stephen image pieces/Steve-Hawking_09.png"; sourceTree = "<group>"; };
		5890D4A32084E6DC003FC40D /* Steve-Hawking_05.png */ = {isa = PBXFileReference; lastKnownFileType = image.png; name = "Steve-Hawking_05.png"; path = "Stephen image pieces/Steve-Hawking_05.png"; sourceTree = "<group>"; };
		5890D4A42084E6DC003FC40D /* Steve-Hawking_03.png */ = {isa = PBXFileReference; lastKnownFileType = image.png; name = "Steve-Hawking_03.png"; path = "Stephen image pieces/Steve-Hawking_03.png"; sourceTree = "<group>"; };
		5890D4A62084E6DC003FC40D /* Steve-Hawking_07.png */ = {isa = PBXFileReference; lastKnownFileType = image.png; name = "Steve-Hawking_07.png"; path = "Stephen image pieces/Steve-Hawking_07.png"; sourceTree = "<group>"; };
		5890D4A72084E6DC003FC40D /* Steve-Hawking_08.png */ = {isa = PBXFileReference; lastKnownFileType = image.png; name = "Steve-Hawking_08.png"; path = "Stephen image pieces/Steve-Hawking_08.png"; sourceTree = "<group>"; };
		5890D4A82084E6DC003FC40D /* Steve-Hawking_10.png */ = {isa = PBXFileReference; lastKnownFileType = image.png; name = "Steve-Hawking_10.png"; path = "Stephen image pieces/Steve-Hawking_10.png"; sourceTree = "<group>"; };
		5890D4A92084E6DC003FC40D /* Steve-Hawking_06.png */ = {isa = PBXFileReference; lastKnownFileType = image.png; name = "Steve-Hawking_06.png"; path = "Stephen image pieces/Steve-Hawking_06.png"; sourceTree = "<group>"; };
		C6C0E68E20546A88007F2B73 /* CALC.app */ = {isa = PBXFileReference; explicitFileType = wrapper.application; includeInIndex = 0; path = CALC.app; sourceTree = BUILT_PRODUCTS_DIR; };
		C6C0E69120546A88007F2B73 /* AppDelegate.swift */ = {isa = PBXFileReference; lastKnownFileType = sourcecode.swift; path = AppDelegate.swift; sourceTree = "<group>"; };
		C6C0E69320546A88007F2B73 /* ViewController.swift */ = {isa = PBXFileReference; lastKnownFileType = sourcecode.swift; path = ViewController.swift; sourceTree = "<group>"; };
		C6C0E69620546A88007F2B73 /* Base */ = {isa = PBXFileReference; lastKnownFileType = file.storyboard; name = Base; path = Base.lproj/Main.storyboard; sourceTree = "<group>"; };
		C6C0E69820546A88007F2B73 /* Assets.xcassets */ = {isa = PBXFileReference; lastKnownFileType = folder.assetcatalog; path = Assets.xcassets; sourceTree = "<group>"; };
		C6C0E69B20546A88007F2B73 /* Base */ = {isa = PBXFileReference; lastKnownFileType = file.storyboard; name = Base; path = Base.lproj/LaunchScreen.storyboard; sourceTree = "<group>"; };
		C6C0E69D20546A88007F2B73 /* Info.plist */ = {isa = PBXFileReference; lastKnownFileType = text.plist.xml; path = Info.plist; sourceTree = "<group>"; };
/* End PBXFileReference section */

/* Begin PBXFrameworksBuildPhase section */
		C6C0E68B20546A88007F2B73 /* Frameworks */ = {
			isa = PBXFrameworksBuildPhase;
			buildActionMask = 2147483647;
			files = (
			);
			runOnlyForDeploymentPostprocessing = 0;
		};
/* End PBXFrameworksBuildPhase section */

/* Begin PBXGroup section */
		5890D4722084C624003FC40D /* icons */ = {
			isa = PBXGroup;
			children = (
				5890D48B2084D5EE003FC40D /* Blue_Planet.JPG */,
				5890D48D2084D5EE003FC40D /* icon40x40.png */,
				5890D48C2084D5EE003FC40D /* icon58x58.png */,
				5890D4902084D5EE003FC40D /* icon60x60.png */,
				5890D48F2084D5EE003FC40D /* icon80x80.png */,
				5890D48E2084D5EE003FC40D /* icon120x120.png */,
				5890D4912084D5EE003FC40D /* icon140x140.png */,
				5890D4922084D5EE003FC40D /* icon180x180.png */,
				5890D4932084D5EE003FC40D /* Steve Hawking.JPG */,
			);
			path = icons;
			sourceTree = "<group>";
		};
		5890D49D2084E662003FC40D /* Stephen image pieces */ = {
			isa = PBXGroup;
			children = (
				587A9BB32084FCFC006C9281 /* Steve-Hawking_01.png */,
				5890D4A12084E6DC003FC40D /* Steve-Hawking_02.png */,
				5890D4A42084E6DC003FC40D /* Steve-Hawking_03.png */,
				5890D49F2084E6DC003FC40D /* Steve-Hawking_04.png */,
				5890D4A32084E6DC003FC40D /* Steve-Hawking_05.png */,
				5890D4A92084E6DC003FC40D /* Steve-Hawking_06.png */,
				5890D4A62084E6DC003FC40D /* Steve-Hawking_07.png */,
				5890D4A72084E6DC003FC40D /* Steve-Hawking_08.png */,
				5890D4A22084E6DC003FC40D /* Steve-Hawking_09.png */,
				5890D4A82084E6DC003FC40D /* Steve-Hawking_10.png */,
				5890D49E2084E6DC003FC40D /* Steve-Hawking_11.png */,
				5890D4A02084E6DC003FC40D /* Steve-Hawking_12.png */,
			);
			name = "Stephen image pieces";
			sourceTree = "<group>";
		};
		C6C0E68520546A88007F2B73 = {
			isa = PBXGroup;
			children = (
				C6C0E69020546A88007F2B73 /* CALC */,
				C6C0E68F20546A88007F2B73 /* Products */,
			);
			sourceTree = "<group>";
		};
		C6C0E68F20546A88007F2B73 /* Products */ = {
			isa = PBXGroup;
			children = (
				C6C0E68E20546A88007F2B73 /* CALC.app */,
			);
			name = Products;
			sourceTree = "<group>";
		};
		C6C0E69020546A88007F2B73 /* CALC */ = {
			isa = PBXGroup;
			children = (
				5890D49D2084E662003FC40D /* Stephen image pieces */,
				5890D4722084C624003FC40D /* icons */,
				C6C0E69120546A88007F2B73 /* AppDelegate.swift */,
				C6C0E69520546A88007F2B73 /* Main.storyboard */,
				C6C0E69320546A88007F2B73 /* ViewController.swift */,
				C6C0E69820546A88007F2B73 /* Assets.xcassets */,
				C6C0E69A20546A88007F2B73 /* LaunchScreen.storyboard */,
				C6C0E69D20546A88007F2B73 /* Info.plist */,
			);
			path = CALC;
			sourceTree = "<group>";
		};
/* End PBXGroup section */

/* Begin PBXNativeTarget section */
		C6C0E68D20546A88007F2B73 /* CALC */ = {
			isa = PBXNativeTarget;
			buildConfigurationList = C6C0E6A020546A88007F2B73 /* Build configuration list for PBXNativeTarget "CALC" */;
			buildPhases = (
				C6C0E68A20546A88007F2B73 /* Sources */,
				C6C0E68B20546A88007F2B73 /* Frameworks */,
				C6C0E68C20546A88007F2B73 /* Resources */,
			);
			buildRules = (
			);
			dependencies = (
			);
			name = CALC;
			productName = CALC;
			productReference = C6C0E68E20546A88007F2B73 /* CALC.app */;
			productType = "com.apple.product-type.application";
		};
/* End PBXNativeTarget section */

/* Begin PBXProject section */
		C6C0E68620546A88007F2B73 /* Project object */ = {
			isa = PBXProject;
			attributes = {
				LastSwiftUpdateCheck = 0920;
				LastUpgradeCheck = 0940;
				ORGANIZATIONNAME = ket/Xcode;
				TargetAttributes = {
					C6C0E68D20546A88007F2B73 = {
						CreatedOnToolsVersion = 9.2;
						ProvisioningStyle = Automatic;
					};
				};
			};
			buildConfigurationList = C6C0E68920546A88007F2B73 /* Build configuration list for PBXProject "CALC" */;
			compatibilityVersion = "Xcode 8.0";
			developmentRegion = en;
			hasScannedForEncodings = 0;
			knownRegions = (
				en,
				Base,
			);
			mainGroup = C6C0E68520546A88007F2B73;
			productRefGroup = C6C0E68F20546A88007F2B73 /* Products */;
			projectDirPath = "";
			projectRoot = "";
			targets = (
				C6C0E68D20546A88007F2B73 /* CALC */,
			);
		};
/* End PBXProject section */

/* Begin PBXResourcesBuildPhase section */
		C6C0E68C20546A88007F2B73 /* Resources */ = {
			isa = PBXResourcesBuildPhase;
			buildActionMask = 2147483647;
			files = (
				5890D4AE2084E6DC003FC40D /* Steve-Hawking_09.png in Resources */,
				5890D4AA2084E6DC003FC40D /* Steve-Hawking_11.png in Resources */,
				5890D49C2084D5EE003FC40D /* Steve Hawking.JPG in Resources */,
				587A9BB42084FCFC006C9281 /* Steve-Hawking_01.png in Resources */,
				5890D4B32084E6DC003FC40D /* Steve-Hawking_08.png in Resources */,
				C6C0E69C20546A88007F2B73 /* LaunchScreen.storyboard in Resources */,
				5890D4AC2084E6DC003FC40D /* Steve-Hawking_12.png in Resources */,
				5890D4982084D5EE003FC40D /* icon80x80.png in Resources */,
				5890D4AD2084E6DC003FC40D /* Steve-Hawking_02.png in Resources */,
				5890D4B42084E6DC003FC40D /* Steve-Hawking_10.png in Resources */,
				5890D4B52084E6DC003FC40D /* Steve-Hawking_06.png in Resources */,
				5890D49B2084D5EE003FC40D /* icon180x180.png in Resources */,
				5890D4942084D5EE003FC40D /* Blue_Planet.JPG in Resources */,
				5890D4992084D5EE003FC40D /* icon60x60.png in Resources */,
				C6C0E69920546A88007F2B73 /* Assets.xcassets in Resources */,
				5890D4962084D5EE003FC40D /* icon40x40.png in Resources */,
				5890D4AF2084E6DC003FC40D /* Steve-Hawking_05.png in Resources */,
				C6C0E69720546A88007F2B73 /* Main.storyboard in Resources */,
				5890D49A2084D5EE003FC40D /* icon140x140.png in Resources */,
				5890D4B02084E6DC003FC40D /* Steve-Hawking_03.png in Resources */,
				5890D4952084D5EE003FC40D /* icon58x58.png in Resources */,
				5890D4B22084E6DC003FC40D /* Steve-Hawking_07.png in Resources */,
				5890D4972084D5EE003FC40D /* icon120x120.png in Resources */,
				5890D4AB2084E6DC003FC40D /* Steve-Hawking_04.png in Resources */,
			);
			runOnlyForDeploymentPostprocessing = 0;
		};
/* End PBXResourcesBuildPhase section */

/* Begin PBXSourcesBuildPhase section */
		C6C0E68A20546A88007F2B73 /* Sources */ = {
			isa = PBXSourcesBuildPhase;
			buildActionMask = 2147483647;
			files = (
				C6C0E69420546A88007F2B73 /* ViewController.swift in Sources */,
				C6C0E69220546A88007F2B73 /* AppDelegate.swift in Sources */,
			);
			runOnlyForDeploymentPostprocessing = 0;
		};
/* End PBXSourcesBuildPhase section */

/* Begin PBXVariantGroup section */
		C6C0E69520546A88007F2B73 /* Main.storyboard */ = {
			isa = PBXVariantGroup;
			children = (
				C6C0E69620546A88007F2B73 /* Base */,
			);
			name = Main.storyboard;
			sourceTree = "<group>";
		};
		C6C0E69A20546A88007F2B73 /* LaunchScreen.storyboard */ = {
			isa = PBXVariantGroup;
			children = (
				C6C0E69B20546A88007F2B73 /* Base */,
			);
			name = LaunchScreen.storyboard;
			sourceTree = "<group>";
		};
/* End PBXVariantGroup section */

/* Begin XCBuildConfiguration section */
		C6C0E69E20546A88007F2B73 /* Debug */ = {
			isa = XCBuildConfiguration;
			buildSettings = {
				ALWAYS_SEARCH_USER_PATHS = NO;
				CLANG_ANALYZER_NONNULL = YES;
				CLANG_ANALYZER_NUMBER_OBJECT_CONVERSION = YES_AGGRESSIVE;
				CLANG_CXX_LANGUAGE_STANDARD = "gnu++14";
				CLANG_CXX_LIBRARY = "libc++";
				CLANG_ENABLE_MODULES = YES;
				CLANG_ENABLE_OBJC_ARC = YES;
				CLANG_WARN_BLOCK_CAPTURE_AUTORELEASING = YES;
				CLANG_WARN_BOOL_CONVERSION = YES;
				CLANG_WARN_COMMA = YES;
				CLANG_WARN_CONSTANT_CONVERSION = YES;
				CLANG_WARN_DEPRECATED_OBJC_IMPLEMENTATIONS = YES;
				CLANG_WARN_DIRECT_OBJC_ISA_USAGE = YES_ERROR;
				CLANG_WARN_DOCUMENTATION_COMMENTS = YES;
				CLANG_WARN_EMPTY_BODY = YES;
				CLANG_WARN_ENUM_CONVERSION = YES;
				CLANG_WARN_INFINITE_RECURSION = YES;
				CLANG_WARN_INT_CONVERSION = YES;
				CLANG_WARN_NON_LITERAL_NULL_CONVERSION = YES;
				CLANG_WARN_OBJC_IMPLICIT_RETAIN_SELF = YES;
				CLANG_WARN_OBJC_LITERAL_CONVERSION = YES;
				CLANG_WARN_OBJC_ROOT_CLASS = YES_ERROR;
				CLANG_WARN_RANGE_LOOP_ANALYSIS = YES;
				CLANG_WARN_STRICT_PROTOTYPES = YES;
				CLANG_WARN_SUSPICIOUS_MOVE = YES;
				CLANG_WARN_UNGUARDED_AVAILABILITY = YES_AGGRESSIVE;
				CLANG_WARN_UNREACHABLE_CODE = YES;
				CLANG_WARN__DUPLICATE_METHOD_MATCH = YES;
				CODE_SIGN_IDENTITY = "iPhone Developer";
				COPY_PHASE_STRIP = NO;
				DEBUG_INFORMATION_FORMAT = dwarf;
				ENABLE_STRICT_OBJC_MSGSEND = YES;
				ENABLE_TESTABILITY = YES;
				GCC_C_LANGUAGE_STANDARD = gnu11;
				GCC_DYNAMIC_NO_PIC = NO;
				GCC_NO_COMMON_BLOCKS = YES;
				GCC_OPTIMIZATION_LEVEL = 0;
				GCC_PREPROCESSOR_DEFINITIONS = (
					"DEBUG=1",
					"$(inherited)",
				);
				GCC_WARN_64_TO_32_BIT_CONVERSION = YES;
				GCC_WARN_ABOUT_RETURN_TYPE = YES_ERROR;
				GCC_WARN_UNDECLARED_SELECTOR = YES;
				GCC_WARN_UNINITIALIZED_AUTOS = YES_AGGRESSIVE;
				GCC_WARN_UNUSED_FUNCTION = YES;
				GCC_WARN_UNUSED_VARIABLE = YES;
				IPHONEOS_DEPLOYMENT_TARGET = 10.3;
				MTL_ENABLE_DEBUG_INFO = YES;
				ONLY_ACTIVE_ARCH = YES;
				SDKROOT = iphoneos;
				SWIFT_ACTIVE_COMPILATION_CONDITIONS = DEBUG;
				SWIFT_OPTIMIZATION_LEVEL = "-Onone";
			};
			name = Debug;
		};
		C6C0E69F20546A88007F2B73 /* Release */ = {
			isa = XCBuildConfiguration;
			buildSettings = {
				ALWAYS_SEARCH_USER_PATHS = NO;
				CLANG_ANALYZER_NONNULL = YES;
				CLANG_ANALYZER_NUMBER_OBJECT_CONVERSION = YES_AGGRESSIVE;
				CLANG_CXX_LANGUAGE_STANDARD = "gnu++14";
				CLANG_CXX_LIBRARY = "libc++";
				CLANG_ENABLE_MODULES = YES;
				CLANG_ENABLE_OBJC_ARC = YES;
				CLANG_WARN_BLOCK_CAPTURE_AUTORELEASING = YES;
				CLANG_WARN_BOOL_CONVERSION = YES;
				CLANG_WARN_COMMA = YES;
				CLANG_WARN_CONSTANT_CONVERSION = YES;
				CLANG_WARN_DEPRECATED_OBJC_IMPLEMENTATIONS = YES;
				CLANG_WARN_DIRECT_OBJC_ISA_USAGE = YES_ERROR;
				CLANG_WARN_DOCUMENTATION_COMMENTS = YES;
				CLANG_WARN_EMPTY_BODY = YES;
				CLANG_WARN_ENUM_CONVERSION = YES;
				CLANG_WARN_INFINITE_RECURSION = YES;
				CLANG_WARN_INT_CONVERSION = YES;
				CLANG_WARN_NON_LITERAL_NULL_CONVERSION = YES;
				CLANG_WARN_OBJC_IMPLICIT_RETAIN_SELF = YES;
				CLANG_WARN_OBJC_LITERAL_CONVERSION = YES;
				CLANG_WARN_OBJC_ROOT_CLASS = YES_ERROR;
				CLANG_WARN_RANGE_LOOP_ANALYSIS = YES;
				CLANG_WARN_STRICT_PROTOTYPES = YES;
				CLANG_WARN_SUSPICIOUS_MOVE = YES;
				CLANG_WARN_UNGUARDED_AVAILABILITY = YES_AGGRESSIVE;
				CLANG_WARN_UNREACHABLE_CODE = YES;
				CLANG_WARN__DUPLICATE_METHOD_MATCH = YES;
				CODE_SIGN_IDENTITY = "iPhone Developer";
				COPY_PHASE_STRIP = NO;
				DEBUG_INFORMATION_FORMAT = "dwarf-with-dsym";
				ENABLE_NS_ASSERTIONS = NO;
				ENABLE_STRICT_OBJC_MSGSEND = YES;
				GCC_C_LANGUAGE_STANDARD = gnu11;
				GCC_NO_COMMON_BLOCKS = YES;
				GCC_WARN_64_TO_32_BIT_CONVERSION = YES;
				GCC_WARN_ABOUT_RETURN_TYPE = YES_ERROR;
				GCC_WARN_UNDECLARED_SELECTOR = YES;
				GCC_WARN_UNINITIALIZED_AUTOS = YES_AGGRESSIVE;
				GCC_WARN_UNUSED_FUNCTION = YES;
				GCC_WARN_UNUSED_VARIABLE = YES;
				IPHONEOS_DEPLOYMENT_TARGET = 10.3;
				MTL_ENABLE_DEBUG_INFO = NO;
				SDKROOT = iphoneos;
				SWIFT_OPTIMIZATION_LEVEL = "-Owholemodule";
				VALIDATE_PRODUCT = YES;
			};
			name = Release;
		};
		C6C0E6A120546A88007F2B73 /* Debug */ = {
			isa = XCBuildConfiguration;
			buildSettings = {
				ASSETCATALOG_COMPILER_APPICON_NAME = AppIcon;
				"CODE_SIGN_IDENTITY[sdk=iphoneos*]" = "iPhone Developer";
				CODE_SIGN_STYLE = Automatic;
				DEVELOPMENT_TEAM = 45JNFF5WM9;
				INFOPLIST_FILE = CALC/Info.plist;
				LD_RUNPATH_SEARCH_PATHS = "$(inherited) @executable_path/Frameworks";
				PRODUCT_BUNDLE_IDENTIFIER = ket.CALC;
				PRODUCT_NAME = "$(TARGET_NAME)";
				PROVISIONING_PROFILE_SPECIFIER = "";
				SWIFT_VERSION = 4.0;
				TARGETED_DEVICE_FAMILY = "1,2";
			};
			name = Debug;
		};
		C6C0E6A220546A88007F2B73 /* Release */ = {
			isa = XCBuildConfiguration;
			buildSettings = {
				ASSETCATALOG_COMPILER_APPICON_NAME = AppIcon;
				"CODE_SIGN_IDENTITY[sdk=iphoneos*]" = "iPhone Developer";
				CODE_SIGN_STYLE = Automatic;
				DEVELOPMENT_TEAM = 45JNFF5WM9;
				INFOPLIST_FILE = CALC/Info.plist;
				LD_RUNPATH_SEARCH_PATHS = "$(inherited) @executable_path/Frameworks";
				PRODUCT_BUNDLE_IDENTIFIER = ket.CALC;
				PRODUCT_NAME = "$(TARGET_NAME)";
				PROVISIONING_PROFILE_SPECIFIER = "";
				SWIFT_VERSION = 4.0;
				TARGETED_DEVICE_FAMILY = "1,2";
			};
			name = Release;
		};
/* End XCBuildConfiguration section */

/* Begin XCConfigurationList section */
		C6C0E68920546A88007F2B73 /* Build configuration list for PBXProject "CALC" */ = {
			isa = XCConfigurationList;
			buildConfigurations = (
				C6C0E69E20546A88007F2B73 /* Debug */,
				C6C0E69F20546A88007F2B73 /* Release */,
			);
			defaultConfigurationIsVisible = 0;
			defaultConfigurationName = Release;
		};
		C6C0E6A020546A88007F2B73 /* Build configuration list for PBXNativeTarget "CALC" */ = {
			isa = XCConfigurationList;
			buildConfigurations = (
				C6C0E6A120546A88007F2B73 /* Debug */,
				C6C0E6A220546A88007F2B73 /* Release */,
			);
			defaultConfigurationIsVisible = 0;
			defaultConfigurationName = Release;
		};
/* End XCConfigurationList section */
	};
	rootObject = C6C0E68620546A88007F2B73 /* Project object */;
}
